
Microsoft Visual Studio Solution File, Format Version 12.00
# Visual Studio Version 16
VisualStudioVersion = 16.0.30804.86
MinimumVisualStudioVersion = 10.0.40219.1
Project("{FAE04EC0-301F-11D3-BF4B-00C04F79EFBC}") = "LaprTrackr.Backend", "LaprTrackr.Backend.csproj", "{A73E9468-E5C4-4654-BC40-E991E14B2312}"
EndProject
Global
	GlobalSection(SolutionConfigurationPlatforms) = preSolution
		Debug|Any CPU = Debug|Any CPU
		Release|Any CPU = Release|Any CPU
	EndGlobalSection
	GlobalSection(ProjectConfigurationPlatforms) = postSolution
		{A73E9468-E5C4-4654-BC40-E991E14B2312}.Debug|Any CPU.ActiveCfg = Debug|Any CPU
		{A73E9468-E5C4-4654-BC40-E991E14B2312}.Debug|Any CPU.Build.0 = Debug|Any CPU
		{A73E9468-E5C4-4654-BC40-E991E14B2312}.Release|Any CPU.ActiveCfg = Release|Any CPU
		{A73E9468-E5C4-4654-BC40-E991E14B2312}.Release|Any CPU.Build.0 = Release|Any CPU
	EndGlobalSection
	GlobalSection(SolutionProperties) = preSolution
		HideSolutionNode = FALSE
	EndGlobalSection
	GlobalSection(ExtensibilityGlobals) = postSolution
		SolutionGuid = {4755F9E1-EEF2-44CE-94BB-3C2DC855E6E8}
	EndGlobalSection
EndGlobal
